
Microsoft Visual Studio Solution File, Format Version 12.00
# Visual Studio Version 17
VisualStudioVersion = 17.12.35707.178
MinimumVisualStudioVersion = 10.0.40219.1
Project("{8BC9CEB8-8B4A-11D0-8D11-00A0C91BC942}") = "Bai_001", "Bai_001\Bai_001.vcxproj", "{20B57905-EBF0-41A5-8784-9E9EE23F796C}"
EndProject
Project("{8BC9CEB8-8B4A-11D0-8D11-00A0C91BC942}") = "Bai_002", "Bai_002\Bai_002.vcxproj", "{775A0570-EB09-4723-9FD7-1A6CB6D8A7D2}"
EndProject
Project("{8BC9CEB8-8B4A-11D0-8D11-00A0C91BC942}") = "Bai_003", "Bai_003\Bai_003.vcxproj", "{47193A85-8CAA-4A57-A0D4-EB094EB868D8}"
EndProject
Project("{8BC9CEB8-8B4A-11D0-8D11-00A0C91BC942}") = "Bai_004", "Bai_004\Bai_004.vcxproj", "{F203BA11-04FF-4337-9578-10DF098CB342}"
EndProject
Project("{8BC9CEB8-8B4A-11D0-8D11-00A0C91BC942}") = "Bai_005", "Bai_005\Bai_005.vcxproj", "{33567652-CDAB-4B0E-BAD3-BFA960CA63E7}"
EndProject
Project("{8BC9CEB8-8B4A-11D0-8D11-00A0C91BC942}") = "Bai_006", "Bai_006\Bai_006.vcxproj", "{67294761-59C0-4CC5-BF95-3B1211B5A8A6}"
EndProject
Project("{8BC9CEB8-8B4A-11D0-8D11-00A0C91BC942}") = "Bai_007", "Bai_007\Bai_007.vcxproj", "{CF7E5606-03D3-43DA-8B36-9BF8FC84A3DD}"
EndProject
Project("{8BC9CEB8-8B4A-11D0-8D11-00A0C91BC942}") = "Bai_008", "Bai_008\Bai_008.vcxproj", "{96075A1A-260E-4A1D-9CC9-8B916D2FF0C4}"
EndProject
Project("{8BC9CEB8-8B4A-11D0-8D11-00A0C91BC942}") = "Bai_009", "Bai_009\Bai_009.vcxproj", "{088B865B-0C8E-4108-AA08-E1BA4829D1A5}"
EndProject
Project("{8BC9CEB8-8B4A-11D0-8D11-00A0C91BC942}") = "Bai_010", "Bai_010\Bai_010.vcxproj", "{5B51F9CE-317D-40EB-A660-45D960484347}"
EndProject
Global
	GlobalSection(SolutionConfigurationPlatforms) = preSolution
		Debug|x64 = Debug|x64
		Debug|x86 = Debug|x86
		Release|x64 = Release|x64
		Release|x86 = Release|x86
	EndGlobalSection
	GlobalSection(ProjectConfigurationPlatforms) = postSolution
		{20B57905-EBF0-41A5-8784-9E9EE23F796C}.Debug|x64.ActiveCfg = Debug|x64
		{20B57905-EBF0-41A5-8784-9E9EE23F796C}.Debug|x64.Build.0 = Debug|x64
		{20B57905-EBF0-41A5-8784-9E9EE23F796C}.Debug|x86.ActiveCfg = Debug|Win32
		{20B57905-EBF0-41A5-8784-9E9EE23F796C}.Debug|x86.Build.0 = Debug|Win32
		{20B57905-EBF0-41A5-8784-9E9EE23F796C}.Release|x64.ActiveCfg = Release|x64
		{20B57905-EBF0-41A5-8784-9E9EE23F796C}.Release|x64.Build.0 = Release|x64
		{20B57905-EBF0-41A5-8784-9E9EE23F796C}.Release|x86.ActiveCfg = Release|Win32
		{20B57905-EBF0-41A5-8784-9E9EE23F796C}.Release|x86.Build.0 = Release|Win32
		{775A0570-EB09-4723-9FD7-1A6CB6D8A7D2}.Debug|x64.ActiveCfg = Debug|x64
		{775A0570-EB09-4723-9FD7-1A6CB6D8A7D2}.Debug|x64.Build.0 = Debug|x64
		{775A0570-EB09-4723-9FD7-1A6CB6D8A7D2}.Debug|x86.ActiveCfg = Debug|Win32
		{775A0570-EB09-4723-9FD7-1A6CB6D8A7D2}.Debug|x86.Build.0 = Debug|Win32
		{775A0570-EB09-4723-9FD7-1A6CB6D8A7D2}.Release|x64.ActiveCfg = Release|x64
		{775A0570-EB09-4723-9FD7-1A6CB6D8A7D2}.Release|x64.Build.0 = Release|x64
		{775A0570-EB09-4723-9FD7-1A6CB6D8A7D2}.Release|x86.ActiveCfg = Release|Win32
		{775A0570-EB09-4723-9FD7-1A6CB6D8A7D2}.Release|x86.Build.0 = Release|Win32
		{47193A85-8CAA-4A57-A0D4-EB094EB868D8}.Debug|x64.ActiveCfg = Debug|x64
		{47193A85-8CAA-4A57-A0D4-EB094EB868D8}.Debug|x64.Build.0 = Debug|x64
		{47193A85-8CAA-4A57-A0D4-EB094EB868D8}.Debug|x86.ActiveCfg = Debug|Win32
		{47193A85-8CAA-4A57-A0D4-EB094EB868D8}.Debug|x86.Build.0 = Debug|Win32
		{47193A85-8CAA-4A57-A0D4-EB094EB868D8}.Release|x64.ActiveCfg = Release|x64
		{47193A85-8CAA-4A57-A0D4-EB094EB868D8}.Release|x64.Build.0 = Release|x64
		{47193A85-8CAA-4A57-A0D4-EB094EB868D8}.Release|x86.ActiveCfg = Release|Win32
		{47193A85-8CAA-4A57-A0D4-EB094EB868D8}.Release|x86.Build.0 = Release|Win32
		{F203BA11-04FF-4337-9578-10DF098CB342}.Debug|x64.ActiveCfg = Debug|x64
		{F203BA11-04FF-4337-9578-10DF098CB342}.Debug|x64.Build.0 = Debug|x64
		{F203BA11-04FF-4337-9578-10DF098CB342}.Debug|x86.ActiveCfg = Debug|Win32
		{F203BA11-04FF-4337-9578-10DF098CB342}.Debug|x86.Build.0 = Debug|Win32
		{F203BA11-04FF-4337-9578-10DF098CB342}.Release|x64.ActiveCfg = Release|x64
		{F203BA11-04FF-4337-9578-10DF098CB342}.Release|x64.Build.0 = Release|x64
		{F203BA11-04FF-4337-9578-10DF098CB342}.Release|x86.ActiveCfg = Release|Win32
		{F203BA11-04FF-4337-9578-10DF098CB342}.Release|x86.Build.0 = Release|Win32
		{33567652-CDAB-4B0E-BAD3-BFA960CA63E7}.Debug|x64.ActiveCfg = Debug|x64
		{33567652-CDAB-4B0E-BAD3-BFA960CA63E7}.Debug|x64.Build.0 = Debug|x64
		{33567652-CDAB-4B0E-BAD3-BFA960CA63E7}.Debug|x86.ActiveCfg = Debug|Win32
		{33567652-CDAB-4B0E-BAD3-BFA960CA63E7}.Debug|x86.Build.0 = Debug|Win32
		{33567652-CDAB-4B0E-BAD3-BFA960CA63E7}.Release|x64.ActiveCfg = Release|x64
		{33567652-CDAB-4B0E-BAD3-BFA960CA63E7}.Release|x64.Build.0 = Release|x64
		{33567652-CDAB-4B0E-BAD3-BFA960CA63E7}.Release|x86.ActiveCfg = Release|Win32
		{33567652-CDAB-4B0E-BAD3-BFA960CA63E7}.Release|x86.Build.0 = Release|Win32
		{67294761-59C0-4CC5-BF95-3B1211B5A8A6}.Debug|x64.ActiveCfg = Debug|x64
		{67294761-59C0-4CC5-BF95-3B1211B5A8A6}.Debug|x64.Build.0 = Debug|x64
		{67294761-59C0-4CC5-BF95-3B1211B5A8A6}.Debug|x86.ActiveCfg = Debug|Win32
		{67294761-59C0-4CC5-BF95-3B1211B5A8A6}.Debug|x86.Build.0 = Debug|Win32
		{67294761-59C0-4CC5-BF95-3B1211B5A8A6}.Release|x64.ActiveCfg = Release|x64
		{67294761-59C0-4CC5-BF95-3B1211B5A8A6}.Release|x64.Build.0 = Release|x64
		{67294761-59C0-4CC5-BF95-3B1211B5A8A6}.Release|x86.ActiveCfg = Release|Win32
		{67294761-59C0-4CC5-BF95-3B1211B5A8A6}.Release|x86.Build.0 = Release|Win32
		{CF7E5606-03D3-43DA-8B36-9BF8FC84A3DD}.Debug|x64.ActiveCfg = Debug|x64
		{CF7E5606-03D3-43DA-8B36-9BF8FC84A3DD}.Debug|x64.Build.0 = Debug|x64
		{CF7E5606-03D3-43DA-8B36-9BF8FC84A3DD}.Debug|x86.ActiveCfg = Debug|Win32
		{CF7E5606-03D3-43DA-8B36-9BF8FC84A3DD}.Debug|x86.Build.0 = Debug|Win32
		{CF7E5606-03D3-43DA-8B36-9BF8FC84A3DD}.Release|x64.ActiveCfg = Release|x64
		{CF7E5606-03D3-43DA-8B36-9BF8FC84A3DD}.Release|x64.Build.0 = Release|x64
		{CF7E5606-03D3-43DA-8B36-9BF8FC84A3DD}.Release|x86.ActiveCfg = Release|Win32
		{CF7E5606-03D3-43DA-8B36-9BF8FC84A3DD}.Release|x86.Build.0 = Release|Win32
		{96075A1A-260E-4A1D-9CC9-8B916D2FF0C4}.Debug|x64.ActiveCfg = Debug|x64
		{96075A1A-260E-4A1D-9CC9-8B916D2FF0C4}.Debug|x64.Build.0 = Debug|x64
		{96075A1A-260E-4A1D-9CC9-8B916D2FF0C4}.Debug|x86.ActiveCfg = Debug|Win32
		{96075A1A-260E-4A1D-9CC9-8B916D2FF0C4}.Debug|x86.Build.0 = Debug|Win32
		{96075A1A-260E-4A1D-9CC9-8B916D2FF0C4}.Release|x64.ActiveCfg = Release|x64
		{96075A1A-260E-4A1D-9CC9-8B916D2FF0C4}.Release|x64.Build.0 = Release|x64
		{96075A1A-260E-4A1D-9CC9-8B916D2FF0C4}.Release|x86.ActiveCfg = Release|Win32
		{96075A1A-260E-4A1D-9CC9-8B916D2FF0C4}.Release|x86.Build.0 = Release|Win32
		{088B865B-0C8E-4108-AA08-E1BA4829D1A5}.Debug|x64.ActiveCfg = Debug|x64
		{088B865B-0C8E-4108-AA08-E1BA4829D1A5}.Debug|x64.Build.0 = Debug|x64
		{088B865B-0C8E-4108-AA08-E1BA4829D1A5}.Debug|x86.ActiveCfg = Debug|Win32
		{088B865B-0C8E-4108-AA08-E1BA4829D1A5}.Debug|x86.Build.0 = Debug|Win32
		{088B865B-0C8E-4108-AA08-E1BA4829D1A5}.Release|x64.ActiveCfg = Release|x64
		{088B865B-0C8E-4108-AA08-E1BA4829D1A5}.Release|x64.Build.0 = Release|x64
		{088B865B-0C8E-4108-AA08-E1BA4829D1A5}.Release|x86.ActiveCfg = Release|Win32
		{088B865B-0C8E-4108-AA08-E1BA4829D1A5}.Release|x86.Build.0 = Release|Win32
		{5B51F9CE-317D-40EB-A660-45D960484347}.Debug|x64.ActiveCfg = Debug|x64
		{5B51F9CE-317D-40EB-A660-45D960484347}.Debug|x64.Build.0 = Debug|x64
		{5B51F9CE-317D-40EB-A660-45D960484347}.Debug|x86.ActiveCfg = Debug|Win32
		{5B51F9CE-317D-40EB-A660-45D960484347}.Debug|x86.Build.0 = Debug|Win32
		{5B51F9CE-317D-40EB-A660-45D960484347}.Release|x64.ActiveCfg = Release|x64
		{5B51F9CE-317D-40EB-A660-45D960484347}.Release|x64.Build.0 = Release|x64
		{5B51F9CE-317D-40EB-A660-45D960484347}.Release|x86.ActiveCfg = Release|Win32
		{5B51F9CE-317D-40EB-A660-45D960484347}.Release|x86.Build.0 = Release|Win32
	EndGlobalSection
	GlobalSection(SolutionProperties) = preSolution
		HideSolutionNode = FALSE
	EndGlobalSection
EndGlobal
