
Microsoft Visual Studio Solution File, Format Version 12.00
# Visual Studio Version 17
VisualStudioVersion = 17.12.35707.178
MinimumVisualStudioVersion = 10.0.40219.1
Project("{8BC9CEB8-8B4A-11D0-8D11-00A0C91BC942}") = "Bai_001", "Bai_001\Bai_001.vcxproj", "{20B57905-EBF0-41A5-8784-9E9EE23F796C}"
EndProject
Project("{8BC9CEB8-8B4A-11D0-8D11-00A0C91BC942}") = "Bai_002", "Bai_002\Bai_002.vcxproj", "{775A0570-EB09-4723-9FD7-1A6CB6D8A7D2}"
EndProject
Project("{8BC9CEB8-8B4A-11D0-8D11-00A0C91BC942}") = "Bai_003", "Bai_003\Bai_003.vcxproj", "{47193A85-8CAA-4A57-A0D4-EB094EB868D8}"
EndProject
Project("{8BC9CEB8-8B4A-11D0-8D11-00A0C91BC942}") = "Bai_004", "Bai_004\Bai_004.vcxproj", "{F203BA11-04FF-4337-9578-10DF098CB342}"
EndProject
Project("{8BC9CEB8-8B4A-11D0-8D11-00A0C91BC942}") = "Bai_005", "Bai_005\Bai_005.vcxproj", "{33567652-CDAB-4B0E-BAD3-BFA960CA63E7}"
EndProject
Project("{8BC9CEB8-8B4A-11D0-8D11-00A0C91BC942}") = "Bai_006", "Bai_006\Bai_006.vcxproj", "{67294761-59C0-4CC5-BF95-3B1211B5A8A6}"
EndProject
Project("{8BC9CEB8-8B4A-11D0-8D11-00A0C91BC942}") = "Bai_007", "Bai_007\Bai_007.vcxproj", "{CF7E5606-03D3-43DA-8B36-9BF8FC84A3DD}"
EndProject
Project("{8BC9CEB8-8B4A-11D0-8D11-00A0C91BC942}") = "Bai_008", "Bai_008\Bai_008.vcxproj", "{96075A1A-260E-4A1D-9CC9-8B916D2FF0C4}"
EndProject
Project("{8BC9CEB8-8B4A-11D0-8D11-00A0C91BC942}") = "Bai_009", "Bai_009\Bai_009.vcxproj", "{088B865B-0C8E-4108-AA08-E1BA4829D1A5}"
EndProject
Project("{8BC9CEB8-8B4A-11D0-8D11-00A0C91BC942}") = "Bai_010", "Bai_010\Bai_010.vcxproj", "{5B51F9CE-317D-40EB-A660-45D960484347}"
EndProject
Project("{8BC9CEB8-8B4A-11D0-8D11-00A0C91BC942}") = "Bai_011", "Bai_011\Bai_011.vcxproj", "{300AC6E3-43A7-4C71-87E9-9B598160A000}"
EndProject
Project("{8BC9CEB8-8B4A-11D0-8D11-00A0C91BC942}") = "Bai_012", "Bai_012\Bai_012.vcxproj", "{6566EDE9-DD7F-4842-9A2E-68B9F5690D68}"
EndProject
Project("{8BC9CEB8-8B4A-11D0-8D11-00A0C91BC942}") = "Bai_013", "Bai_013\Bai_013.vcxproj", "{0EA83F76-FD86-4DC7-A88D-975E6C8EC20F}"
EndProject
Project("{8BC9CEB8-8B4A-11D0-8D11-00A0C91BC942}") = "Bai_014", "Bai_014\Bai_014.vcxproj", "{FB67A080-89CF-4A7B-9388-32DBF2455110}"
EndProject
Project("{8BC9CEB8-8B4A-11D0-8D11-00A0C91BC942}") = "Bai_015", "Bai_015\Bai_015.vcxproj", "{009FC690-E3B5-4F03-BAE4-F96A52785C04}"
EndProject
Project("{8BC9CEB8-8B4A-11D0-8D11-00A0C91BC942}") = "Bai_016", "Bai_016\Bai_016.vcxproj", "{AC3CD721-8172-4902-82E1-D4E2386868C9}"
EndProject
Project("{8BC9CEB8-8B4A-11D0-8D11-00A0C91BC942}") = "Bai_017", "Bai_017\Bai_017.vcxproj", "{6EEC8A8E-A24E-444C-A818-7DC9F5B746B8}"
EndProject
Project("{8BC9CEB8-8B4A-11D0-8D11-00A0C91BC942}") = "Bai_018", "Bai_018\Bai_018.vcxproj", "{96D0685C-96BD-46CB-ACE4-14F8B30E236C}"
EndProject
Project("{8BC9CEB8-8B4A-11D0-8D11-00A0C91BC942}") = "Bai_019", "Bai_019\Bai_019.vcxproj", "{8AC075C8-1501-43CD-B969-CEFDBE5037ED}"
EndProject
Project("{8BC9CEB8-8B4A-11D0-8D11-00A0C91BC942}") = "Bai_020", "Bai_020\Bai_020.vcxproj", "{BE319968-EE8C-41BA-83E1-6C7E0E2CB90A}"
EndProject
Project("{8BC9CEB8-8B4A-11D0-8D11-00A0C91BC942}") = "Bai_021", "Bai_021\Bai_021.vcxproj", "{18B94F19-FE2B-4DE4-8965-4F6042B6890A}"
EndProject
Project("{8BC9CEB8-8B4A-11D0-8D11-00A0C91BC942}") = "Bai_022", "Bai_022\Bai_022.vcxproj", "{D16B6667-82B0-4A71-B5E2-31AD42DBE328}"
EndProject
Project("{8BC9CEB8-8B4A-11D0-8D11-00A0C91BC942}") = "Bai_023", "Bai_023\Bai_023.vcxproj", "{FB6FABD2-BBC8-4EE0-912D-9305C39D4FF3}"
EndProject
Project("{8BC9CEB8-8B4A-11D0-8D11-00A0C91BC942}") = "Bai_024", "Bai_024\Bai_024.vcxproj", "{C5A6C21C-B9DD-4FB6-A05B-A687A347E1F1}"
EndProject
Project("{8BC9CEB8-8B4A-11D0-8D11-00A0C91BC942}") = "Bai_025", "Bai_025\Bai_025.vcxproj", "{48FABA06-3154-40C3-8D5C-3EF353D80F9D}"
EndProject
Project("{8BC9CEB8-8B4A-11D0-8D11-00A0C91BC942}") = "Bai_026", "Bai_026\Bai_026.vcxproj", "{9911D477-6973-4B49-9DF4-8075193105E3}"
EndProject
Project("{8BC9CEB8-8B4A-11D0-8D11-00A0C91BC942}") = "Bai_027", "Bai_027\Bai_027.vcxproj", "{F411F788-20C2-473E-97CE-F701EBD81DF9}"
EndProject
Project("{8BC9CEB8-8B4A-11D0-8D11-00A0C91BC942}") = "Bai_028", "Bai_028\Bai_028.vcxproj", "{254001A4-5010-45D0-BDA4-7462A89258CD}"
EndProject
Project("{8BC9CEB8-8B4A-11D0-8D11-00A0C91BC942}") = "Bai_029", "Bai_029\Bai_029.vcxproj", "{E6D397B2-CD33-4E64-B6B9-21E2F88EE805}"
EndProject
Project("{8BC9CEB8-8B4A-11D0-8D11-00A0C91BC942}") = "Bai_030", "Bai_030\Bai_030.vcxproj", "{29F8B1C3-3E9F-455F-B486-E4A47A4290A1}"
EndProject
Project("{8BC9CEB8-8B4A-11D0-8D11-00A0C91BC942}") = "Bai_031", "Bai_031\Bai_031.vcxproj", "{0A7133AE-E209-40F9-87BE-C926815E091F}"
EndProject
Project("{8BC9CEB8-8B4A-11D0-8D11-00A0C91BC942}") = "Bai_032", "Bai_032\Bai_032.vcxproj", "{ACE17BA1-340E-450D-83D9-19D0019A07EE}"
EndProject
Project("{8BC9CEB8-8B4A-11D0-8D11-00A0C91BC942}") = "Bai_033", "Bai_033\Bai_033.vcxproj", "{1FEC666C-AF22-43C3-BAC8-28BAC5C2372E}"
EndProject
Project("{8BC9CEB8-8B4A-11D0-8D11-00A0C91BC942}") = "Bai_034", "Bai_034\Bai_034.vcxproj", "{06BCF17B-B240-4084-8D6C-3FA384D44484}"
EndProject
Project("{8BC9CEB8-8B4A-11D0-8D11-00A0C91BC942}") = "Bai_035", "Bai_035\Bai_035.vcxproj", "{BD87CE4C-BAE4-4995-80B6-562D8963BD6D}"
EndProject
Project("{8BC9CEB8-8B4A-11D0-8D11-00A0C91BC942}") = "Bai_036", "Bai_036\Bai_036.vcxproj", "{E61723C3-335B-48E6-99E9-9CE640111A94}"
EndProject
Project("{8BC9CEB8-8B4A-11D0-8D11-00A0C91BC942}") = "Bai_037", "Bai_037\Bai_037.vcxproj", "{38D8DD69-7E77-4AD7-8012-86D7822B6BCF}"
EndProject
Project("{8BC9CEB8-8B4A-11D0-8D11-00A0C91BC942}") = "Bai_038", "Bai_038\Bai_038.vcxproj", "{545A3F76-44D8-44E1-99E0-7678D26F62EC}"
EndProject
Global
	GlobalSection(SolutionConfigurationPlatforms) = preSolution
		Debug|x64 = Debug|x64
		Debug|x86 = Debug|x86
		Release|x64 = Release|x64
		Release|x86 = Release|x86
	EndGlobalSection
	GlobalSection(ProjectConfigurationPlatforms) = postSolution
		{20B57905-EBF0-41A5-8784-9E9EE23F796C}.Debug|x64.ActiveCfg = Debug|x64
		{20B57905-EBF0-41A5-8784-9E9EE23F796C}.Debug|x64.Build.0 = Debug|x64
		{20B57905-EBF0-41A5-8784-9E9EE23F796C}.Debug|x86.ActiveCfg = Debug|Win32
		{20B57905-EBF0-41A5-8784-9E9EE23F796C}.Debug|x86.Build.0 = Debug|Win32
		{20B57905-EBF0-41A5-8784-9E9EE23F796C}.Release|x64.ActiveCfg = Release|x64
		{20B57905-EBF0-41A5-8784-9E9EE23F796C}.Release|x64.Build.0 = Release|x64
		{20B57905-EBF0-41A5-8784-9E9EE23F796C}.Release|x86.ActiveCfg = Release|Win32
		{20B57905-EBF0-41A5-8784-9E9EE23F796C}.Release|x86.Build.0 = Release|Win32
		{775A0570-EB09-4723-9FD7-1A6CB6D8A7D2}.Debug|x64.ActiveCfg = Debug|x64
		{775A0570-EB09-4723-9FD7-1A6CB6D8A7D2}.Debug|x64.Build.0 = Debug|x64
		{775A0570-EB09-4723-9FD7-1A6CB6D8A7D2}.Debug|x86.ActiveCfg = Debug|Win32
		{775A0570-EB09-4723-9FD7-1A6CB6D8A7D2}.Debug|x86.Build.0 = Debug|Win32
		{775A0570-EB09-4723-9FD7-1A6CB6D8A7D2}.Release|x64.ActiveCfg = Release|x64
		{775A0570-EB09-4723-9FD7-1A6CB6D8A7D2}.Release|x64.Build.0 = Release|x64
		{775A0570-EB09-4723-9FD7-1A6CB6D8A7D2}.Release|x86.ActiveCfg = Release|Win32
		{775A0570-EB09-4723-9FD7-1A6CB6D8A7D2}.Release|x86.Build.0 = Release|Win32
		{47193A85-8CAA-4A57-A0D4-EB094EB868D8}.Debug|x64.ActiveCfg = Debug|x64
		{47193A85-8CAA-4A57-A0D4-EB094EB868D8}.Debug|x64.Build.0 = Debug|x64
		{47193A85-8CAA-4A57-A0D4-EB094EB868D8}.Debug|x86.ActiveCfg = Debug|Win32
		{47193A85-8CAA-4A57-A0D4-EB094EB868D8}.Debug|x86.Build.0 = Debug|Win32
		{47193A85-8CAA-4A57-A0D4-EB094EB868D8}.Release|x64.ActiveCfg = Release|x64
		{47193A85-8CAA-4A57-A0D4-EB094EB868D8}.Release|x64.Build.0 = Release|x64
		{47193A85-8CAA-4A57-A0D4-EB094EB868D8}.Release|x86.ActiveCfg = Release|Win32
		{47193A85-8CAA-4A57-A0D4-EB094EB868D8}.Release|x86.Build.0 = Release|Win32
		{F203BA11-04FF-4337-9578-10DF098CB342}.Debug|x64.ActiveCfg = Debug|x64
		{F203BA11-04FF-4337-9578-10DF098CB342}.Debug|x64.Build.0 = Debug|x64
		{F203BA11-04FF-4337-9578-10DF098CB342}.Debug|x86.ActiveCfg = Debug|Win32
		{F203BA11-04FF-4337-9578-10DF098CB342}.Debug|x86.Build.0 = Debug|Win32
		{F203BA11-04FF-4337-9578-10DF098CB342}.Release|x64.ActiveCfg = Release|x64
		{F203BA11-04FF-4337-9578-10DF098CB342}.Release|x64.Build.0 = Release|x64
		{F203BA11-04FF-4337-9578-10DF098CB342}.Release|x86.ActiveCfg = Release|Win32
		{F203BA11-04FF-4337-9578-10DF098CB342}.Release|x86.Build.0 = Release|Win32
		{33567652-CDAB-4B0E-BAD3-BFA960CA63E7}.Debug|x64.ActiveCfg = Debug|x64
		{33567652-CDAB-4B0E-BAD3-BFA960CA63E7}.Debug|x64.Build.0 = Debug|x64
		{33567652-CDAB-4B0E-BAD3-BFA960CA63E7}.Debug|x86.ActiveCfg = Debug|Win32
		{33567652-CDAB-4B0E-BAD3-BFA960CA63E7}.Debug|x86.Build.0 = Debug|Win32
		{33567652-CDAB-4B0E-BAD3-BFA960CA63E7}.Release|x64.ActiveCfg = Release|x64
		{33567652-CDAB-4B0E-BAD3-BFA960CA63E7}.Release|x64.Build.0 = Release|x64
		{33567652-CDAB-4B0E-BAD3-BFA960CA63E7}.Release|x86.ActiveCfg = Release|Win32
		{33567652-CDAB-4B0E-BAD3-BFA960CA63E7}.Release|x86.Build.0 = Release|Win32
		{67294761-59C0-4CC5-BF95-3B1211B5A8A6}.Debug|x64.ActiveCfg = Debug|x64
		{67294761-59C0-4CC5-BF95-3B1211B5A8A6}.Debug|x64.Build.0 = Debug|x64
		{67294761-59C0-4CC5-BF95-3B1211B5A8A6}.Debug|x86.ActiveCfg = Debug|Win32
		{67294761-59C0-4CC5-BF95-3B1211B5A8A6}.Debug|x86.Build.0 = Debug|Win32
		{67294761-59C0-4CC5-BF95-3B1211B5A8A6}.Release|x64.ActiveCfg = Release|x64
		{67294761-59C0-4CC5-BF95-3B1211B5A8A6}.Release|x64.Build.0 = Release|x64
		{67294761-59C0-4CC5-BF95-3B1211B5A8A6}.Release|x86.ActiveCfg = Release|Win32
		{67294761-59C0-4CC5-BF95-3B1211B5A8A6}.Release|x86.Build.0 = Release|Win32
		{CF7E5606-03D3-43DA-8B36-9BF8FC84A3DD}.Debug|x64.ActiveCfg = Debug|x64
		{CF7E5606-03D3-43DA-8B36-9BF8FC84A3DD}.Debug|x64.Build.0 = Debug|x64
		{CF7E5606-03D3-43DA-8B36-9BF8FC84A3DD}.Debug|x86.ActiveCfg = Debug|Win32
		{CF7E5606-03D3-43DA-8B36-9BF8FC84A3DD}.Debug|x86.Build.0 = Debug|Win32
		{CF7E5606-03D3-43DA-8B36-9BF8FC84A3DD}.Release|x64.ActiveCfg = Release|x64
		{CF7E5606-03D3-43DA-8B36-9BF8FC84A3DD}.Release|x64.Build.0 = Release|x64
		{CF7E5606-03D3-43DA-8B36-9BF8FC84A3DD}.Release|x86.ActiveCfg = Release|Win32
		{CF7E5606-03D3-43DA-8B36-9BF8FC84A3DD}.Release|x86.Build.0 = Release|Win32
		{96075A1A-260E-4A1D-9CC9-8B916D2FF0C4}.Debug|x64.ActiveCfg = Debug|x64
		{96075A1A-260E-4A1D-9CC9-8B916D2FF0C4}.Debug|x64.Build.0 = Debug|x64
		{96075A1A-260E-4A1D-9CC9-8B916D2FF0C4}.Debug|x86.ActiveCfg = Debug|Win32
		{96075A1A-260E-4A1D-9CC9-8B916D2FF0C4}.Debug|x86.Build.0 = Debug|Win32
		{96075A1A-260E-4A1D-9CC9-8B916D2FF0C4}.Release|x64.ActiveCfg = Release|x64
		{96075A1A-260E-4A1D-9CC9-8B916D2FF0C4}.Release|x64.Build.0 = Release|x64
		{96075A1A-260E-4A1D-9CC9-8B916D2FF0C4}.Release|x86.ActiveCfg = Release|Win32
		{96075A1A-260E-4A1D-9CC9-8B916D2FF0C4}.Release|x86.Build.0 = Release|Win32
		{088B865B-0C8E-4108-AA08-E1BA4829D1A5}.Debug|x64.ActiveCfg = Debug|x64
		{088B865B-0C8E-4108-AA08-E1BA4829D1A5}.Debug|x64.Build.0 = Debug|x64
		{088B865B-0C8E-4108-AA08-E1BA4829D1A5}.Debug|x86.ActiveCfg = Debug|Win32
		{088B865B-0C8E-4108-AA08-E1BA4829D1A5}.Debug|x86.Build.0 = Debug|Win32
		{088B865B-0C8E-4108-AA08-E1BA4829D1A5}.Release|x64.ActiveCfg = Release|x64
		{088B865B-0C8E-4108-AA08-E1BA4829D1A5}.Release|x64.Build.0 = Release|x64
		{088B865B-0C8E-4108-AA08-E1BA4829D1A5}.Release|x86.ActiveCfg = Release|Win32
		{088B865B-0C8E-4108-AA08-E1BA4829D1A5}.Release|x86.Build.0 = Release|Win32
		{5B51F9CE-317D-40EB-A660-45D960484347}.Debug|x64.ActiveCfg = Debug|x64
		{5B51F9CE-317D-40EB-A660-45D960484347}.Debug|x64.Build.0 = Debug|x64
		{5B51F9CE-317D-40EB-A660-45D960484347}.Debug|x86.ActiveCfg = Debug|Win32
		{5B51F9CE-317D-40EB-A660-45D960484347}.Debug|x86.Build.0 = Debug|Win32
		{5B51F9CE-317D-40EB-A660-45D960484347}.Release|x64.ActiveCfg = Release|x64
		{5B51F9CE-317D-40EB-A660-45D960484347}.Release|x64.Build.0 = Release|x64
		{5B51F9CE-317D-40EB-A660-45D960484347}.Release|x86.ActiveCfg = Release|Win32
		{5B51F9CE-317D-40EB-A660-45D960484347}.Release|x86.Build.0 = Release|Win32
		{300AC6E3-43A7-4C71-87E9-9B598160A000}.Debug|x64.ActiveCfg = Debug|x64
		{300AC6E3-43A7-4C71-87E9-9B598160A000}.Debug|x64.Build.0 = Debug|x64
		{300AC6E3-43A7-4C71-87E9-9B598160A000}.Debug|x86.ActiveCfg = Debug|Win32
		{300AC6E3-43A7-4C71-87E9-9B598160A000}.Debug|x86.Build.0 = Debug|Win32
		{300AC6E3-43A7-4C71-87E9-9B598160A000}.Release|x64.ActiveCfg = Release|x64
		{300AC6E3-43A7-4C71-87E9-9B598160A000}.Release|x64.Build.0 = Release|x64
		{300AC6E3-43A7-4C71-87E9-9B598160A000}.Release|x86.ActiveCfg = Release|Win32
		{300AC6E3-43A7-4C71-87E9-9B598160A000}.Release|x86.Build.0 = Release|Win32
		{6566EDE9-DD7F-4842-9A2E-68B9F5690D68}.Debug|x64.ActiveCfg = Debug|x64
		{6566EDE9-DD7F-4842-9A2E-68B9F5690D68}.Debug|x64.Build.0 = Debug|x64
		{6566EDE9-DD7F-4842-9A2E-68B9F5690D68}.Debug|x86.ActiveCfg = Debug|Win32
		{6566EDE9-DD7F-4842-9A2E-68B9F5690D68}.Debug|x86.Build.0 = Debug|Win32
		{6566EDE9-DD7F-4842-9A2E-68B9F5690D68}.Release|x64.ActiveCfg = Release|x64
		{6566EDE9-DD7F-4842-9A2E-68B9F5690D68}.Release|x64.Build.0 = Release|x64
		{6566EDE9-DD7F-4842-9A2E-68B9F5690D68}.Release|x86.ActiveCfg = Release|Win32
		{6566EDE9-DD7F-4842-9A2E-68B9F5690D68}.Release|x86.Build.0 = Release|Win32
		{0EA83F76-FD86-4DC7-A88D-975E6C8EC20F}.Debug|x64.ActiveCfg = Debug|x64
		{0EA83F76-FD86-4DC7-A88D-975E6C8EC20F}.Debug|x64.Build.0 = Debug|x64
		{0EA83F76-FD86-4DC7-A88D-975E6C8EC20F}.Debug|x86.ActiveCfg = Debug|Win32
		{0EA83F76-FD86-4DC7-A88D-975E6C8EC20F}.Debug|x86.Build.0 = Debug|Win32
		{0EA83F76-FD86-4DC7-A88D-975E6C8EC20F}.Release|x64.ActiveCfg = Release|x64
		{0EA83F76-FD86-4DC7-A88D-975E6C8EC20F}.Release|x64.Build.0 = Release|x64
		{0EA83F76-FD86-4DC7-A88D-975E6C8EC20F}.Release|x86.ActiveCfg = Release|Win32
		{0EA83F76-FD86-4DC7-A88D-975E6C8EC20F}.Release|x86.Build.0 = Release|Win32
		{FB67A080-89CF-4A7B-9388-32DBF2455110}.Debug|x64.ActiveCfg = Debug|x64
		{FB67A080-89CF-4A7B-9388-32DBF2455110}.Debug|x64.Build.0 = Debug|x64
		{FB67A080-89CF-4A7B-9388-32DBF2455110}.Debug|x86.ActiveCfg = Debug|Win32
		{FB67A080-89CF-4A7B-9388-32DBF2455110}.Debug|x86.Build.0 = Debug|Win32
		{FB67A080-89CF-4A7B-9388-32DBF2455110}.Release|x64.ActiveCfg = Release|x64
		{FB67A080-89CF-4A7B-9388-32DBF2455110}.Release|x64.Build.0 = Release|x64
		{FB67A080-89CF-4A7B-9388-32DBF2455110}.Release|x86.ActiveCfg = Release|Win32
		{FB67A080-89CF-4A7B-9388-32DBF2455110}.Release|x86.Build.0 = Release|Win32
		{009FC690-E3B5-4F03-BAE4-F96A52785C04}.Debug|x64.ActiveCfg = Debug|x64
		{009FC690-E3B5-4F03-BAE4-F96A52785C04}.Debug|x64.Build.0 = Debug|x64
		{009FC690-E3B5-4F03-BAE4-F96A52785C04}.Debug|x86.ActiveCfg = Debug|Win32
		{009FC690-E3B5-4F03-BAE4-F96A52785C04}.Debug|x86.Build.0 = Debug|Win32
		{009FC690-E3B5-4F03-BAE4-F96A52785C04}.Release|x64.ActiveCfg = Release|x64
		{009FC690-E3B5-4F03-BAE4-F96A52785C04}.Release|x64.Build.0 = Release|x64
		{009FC690-E3B5-4F03-BAE4-F96A52785C04}.Release|x86.ActiveCfg = Release|Win32
		{009FC690-E3B5-4F03-BAE4-F96A52785C04}.Release|x86.Build.0 = Release|Win32
		{AC3CD721-8172-4902-82E1-D4E2386868C9}.Debug|x64.ActiveCfg = Debug|x64
		{AC3CD721-8172-4902-82E1-D4E2386868C9}.Debug|x64.Build.0 = Debug|x64
		{AC3CD721-8172-4902-82E1-D4E2386868C9}.Debug|x86.ActiveCfg = Debug|Win32
		{AC3CD721-8172-4902-82E1-D4E2386868C9}.Debug|x86.Build.0 = Debug|Win32
		{AC3CD721-8172-4902-82E1-D4E2386868C9}.Release|x64.ActiveCfg = Release|x64
		{AC3CD721-8172-4902-82E1-D4E2386868C9}.Release|x64.Build.0 = Release|x64
		{AC3CD721-8172-4902-82E1-D4E2386868C9}.Release|x86.ActiveCfg = Release|Win32
		{AC3CD721-8172-4902-82E1-D4E2386868C9}.Release|x86.Build.0 = Release|Win32
		{6EEC8A8E-A24E-444C-A818-7DC9F5B746B8}.Debug|x64.ActiveCfg = Debug|x64
		{6EEC8A8E-A24E-444C-A818-7DC9F5B746B8}.Debug|x64.Build.0 = Debug|x64
		{6EEC8A8E-A24E-444C-A818-7DC9F5B746B8}.Debug|x86.ActiveCfg = Debug|Win32
		{6EEC8A8E-A24E-444C-A818-7DC9F5B746B8}.Debug|x86.Build.0 = Debug|Win32
		{6EEC8A8E-A24E-444C-A818-7DC9F5B746B8}.Release|x64.ActiveCfg = Release|x64
		{6EEC8A8E-A24E-444C-A818-7DC9F5B746B8}.Release|x64.Build.0 = Release|x64
		{6EEC8A8E-A24E-444C-A818-7DC9F5B746B8}.Release|x86.ActiveCfg = Release|Win32
		{6EEC8A8E-A24E-444C-A818-7DC9F5B746B8}.Release|x86.Build.0 = Release|Win32
		{96D0685C-96BD-46CB-ACE4-14F8B30E236C}.Debug|x64.ActiveCfg = Debug|x64
		{96D0685C-96BD-46CB-ACE4-14F8B30E236C}.Debug|x64.Build.0 = Debug|x64
		{96D0685C-96BD-46CB-ACE4-14F8B30E236C}.Debug|x86.ActiveCfg = Debug|Win32
		{96D0685C-96BD-46CB-ACE4-14F8B30E236C}.Debug|x86.Build.0 = Debug|Win32
		{96D0685C-96BD-46CB-ACE4-14F8B30E236C}.Release|x64.ActiveCfg = Release|x64
		{96D0685C-96BD-46CB-ACE4-14F8B30E236C}.Release|x64.Build.0 = Release|x64
		{96D0685C-96BD-46CB-ACE4-14F8B30E236C}.Release|x86.ActiveCfg = Release|Win32
		{96D0685C-96BD-46CB-ACE4-14F8B30E236C}.Release|x86.Build.0 = Release|Win32
		{8AC075C8-1501-43CD-B969-CEFDBE5037ED}.Debug|x64.ActiveCfg = Debug|x64
		{8AC075C8-1501-43CD-B969-CEFDBE5037ED}.Debug|x64.Build.0 = Debug|x64
		{8AC075C8-1501-43CD-B969-CEFDBE5037ED}.Debug|x86.ActiveCfg = Debug|Win32
		{8AC075C8-1501-43CD-B969-CEFDBE5037ED}.Debug|x86.Build.0 = Debug|Win32
		{8AC075C8-1501-43CD-B969-CEFDBE5037ED}.Release|x64.ActiveCfg = Release|x64
		{8AC075C8-1501-43CD-B969-CEFDBE5037ED}.Release|x64.Build.0 = Release|x64
		{8AC075C8-1501-43CD-B969-CEFDBE5037ED}.Release|x86.ActiveCfg = Release|Win32
		{8AC075C8-1501-43CD-B969-CEFDBE5037ED}.Release|x86.Build.0 = Release|Win32
		{BE319968-EE8C-41BA-83E1-6C7E0E2CB90A}.Debug|x64.ActiveCfg = Debug|x64
		{BE319968-EE8C-41BA-83E1-6C7E0E2CB90A}.Debug|x64.Build.0 = Debug|x64
		{BE319968-EE8C-41BA-83E1-6C7E0E2CB90A}.Debug|x86.ActiveCfg = Debug|Win32
		{BE319968-EE8C-41BA-83E1-6C7E0E2CB90A}.Debug|x86.Build.0 = Debug|Win32
		{BE319968-EE8C-41BA-83E1-6C7E0E2CB90A}.Release|x64.ActiveCfg = Release|x64
		{BE319968-EE8C-41BA-83E1-6C7E0E2CB90A}.Release|x64.Build.0 = Release|x64
		{BE319968-EE8C-41BA-83E1-6C7E0E2CB90A}.Release|x86.ActiveCfg = Release|Win32
		{BE319968-EE8C-41BA-83E1-6C7E0E2CB90A}.Release|x86.Build.0 = Release|Win32
		{18B94F19-FE2B-4DE4-8965-4F6042B6890A}.Debug|x64.ActiveCfg = Debug|x64
		{18B94F19-FE2B-4DE4-8965-4F6042B6890A}.Debug|x64.Build.0 = Debug|x64
		{18B94F19-FE2B-4DE4-8965-4F6042B6890A}.Debug|x86.ActiveCfg = Debug|Win32
		{18B94F19-FE2B-4DE4-8965-4F6042B6890A}.Debug|x86.Build.0 = Debug|Win32
		{18B94F19-FE2B-4DE4-8965-4F6042B6890A}.Release|x64.ActiveCfg = Release|x64
		{18B94F19-FE2B-4DE4-8965-4F6042B6890A}.Release|x64.Build.0 = Release|x64
		{18B94F19-FE2B-4DE4-8965-4F6042B6890A}.Release|x86.ActiveCfg = Release|Win32
		{18B94F19-FE2B-4DE4-8965-4F6042B6890A}.Release|x86.Build.0 = Release|Win32
		{D16B6667-82B0-4A71-B5E2-31AD42DBE328}.Debug|x64.ActiveCfg = Debug|x64
		{D16B6667-82B0-4A71-B5E2-31AD42DBE328}.Debug|x64.Build.0 = Debug|x64
		{D16B6667-82B0-4A71-B5E2-31AD42DBE328}.Debug|x86.ActiveCfg = Debug|Win32
		{D16B6667-82B0-4A71-B5E2-31AD42DBE328}.Debug|x86.Build.0 = Debug|Win32
		{D16B6667-82B0-4A71-B5E2-31AD42DBE328}.Release|x64.ActiveCfg = Release|x64
		{D16B6667-82B0-4A71-B5E2-31AD42DBE328}.Release|x64.Build.0 = Release|x64
		{D16B6667-82B0-4A71-B5E2-31AD42DBE328}.Release|x86.ActiveCfg = Release|Win32
		{D16B6667-82B0-4A71-B5E2-31AD42DBE328}.Release|x86.Build.0 = Release|Win32
		{FB6FABD2-BBC8-4EE0-912D-9305C39D4FF3}.Debug|x64.ActiveCfg = Debug|x64
		{FB6FABD2-BBC8-4EE0-912D-9305C39D4FF3}.Debug|x64.Build.0 = Debug|x64
		{FB6FABD2-BBC8-4EE0-912D-9305C39D4FF3}.Debug|x86.ActiveCfg = Debug|Win32
		{FB6FABD2-BBC8-4EE0-912D-9305C39D4FF3}.Debug|x86.Build.0 = Debug|Win32
		{FB6FABD2-BBC8-4EE0-912D-9305C39D4FF3}.Release|x64.ActiveCfg = Release|x64
		{FB6FABD2-BBC8-4EE0-912D-9305C39D4FF3}.Release|x64.Build.0 = Release|x64
		{FB6FABD2-BBC8-4EE0-912D-9305C39D4FF3}.Release|x86.ActiveCfg = Release|Win32
		{FB6FABD2-BBC8-4EE0-912D-9305C39D4FF3}.Release|x86.Build.0 = Release|Win32
		{C5A6C21C-B9DD-4FB6-A05B-A687A347E1F1}.Debug|x64.ActiveCfg = Debug|x64
		{C5A6C21C-B9DD-4FB6-A05B-A687A347E1F1}.Debug|x64.Build.0 = Debug|x64
		{C5A6C21C-B9DD-4FB6-A05B-A687A347E1F1}.Debug|x86.ActiveCfg = Debug|Win32
		{C5A6C21C-B9DD-4FB6-A05B-A687A347E1F1}.Debug|x86.Build.0 = Debug|Win32
		{C5A6C21C-B9DD-4FB6-A05B-A687A347E1F1}.Release|x64.ActiveCfg = Release|x64
		{C5A6C21C-B9DD-4FB6-A05B-A687A347E1F1}.Release|x64.Build.0 = Release|x64
		{C5A6C21C-B9DD-4FB6-A05B-A687A347E1F1}.Release|x86.ActiveCfg = Release|Win32
		{C5A6C21C-B9DD-4FB6-A05B-A687A347E1F1}.Release|x86.Build.0 = Release|Win32
		{48FABA06-3154-40C3-8D5C-3EF353D80F9D}.Debug|x64.ActiveCfg = Debug|x64
		{48FABA06-3154-40C3-8D5C-3EF353D80F9D}.Debug|x64.Build.0 = Debug|x64
		{48FABA06-3154-40C3-8D5C-3EF353D80F9D}.Debug|x86.ActiveCfg = Debug|Win32
		{48FABA06-3154-40C3-8D5C-3EF353D80F9D}.Debug|x86.Build.0 = Debug|Win32
		{48FABA06-3154-40C3-8D5C-3EF353D80F9D}.Release|x64.ActiveCfg = Release|x64
		{48FABA06-3154-40C3-8D5C-3EF353D80F9D}.Release|x64.Build.0 = Release|x64
		{48FABA06-3154-40C3-8D5C-3EF353D80F9D}.Release|x86.ActiveCfg = Release|Win32
		{48FABA06-3154-40C3-8D5C-3EF353D80F9D}.Release|x86.Build.0 = Release|Win32
		{9911D477-6973-4B49-9DF4-8075193105E3}.Debug|x64.ActiveCfg = Debug|x64
		{9911D477-6973-4B49-9DF4-8075193105E3}.Debug|x64.Build.0 = Debug|x64
		{9911D477-6973-4B49-9DF4-8075193105E3}.Debug|x86.ActiveCfg = Debug|Win32
		{9911D477-6973-4B49-9DF4-8075193105E3}.Debug|x86.Build.0 = Debug|Win32
		{9911D477-6973-4B49-9DF4-8075193105E3}.Release|x64.ActiveCfg = Release|x64
		{9911D477-6973-4B49-9DF4-8075193105E3}.Release|x64.Build.0 = Release|x64
		{9911D477-6973-4B49-9DF4-8075193105E3}.Release|x86.ActiveCfg = Release|Win32
		{9911D477-6973-4B49-9DF4-8075193105E3}.Release|x86.Build.0 = Release|Win32
		{F411F788-20C2-473E-97CE-F701EBD81DF9}.Debug|x64.ActiveCfg = Debug|x64
		{F411F788-20C2-473E-97CE-F701EBD81DF9}.Debug|x64.Build.0 = Debug|x64
		{F411F788-20C2-473E-97CE-F701EBD81DF9}.Debug|x86.ActiveCfg = Debug|Win32
		{F411F788-20C2-473E-97CE-F701EBD81DF9}.Debug|x86.Build.0 = Debug|Win32
		{F411F788-20C2-473E-97CE-F701EBD81DF9}.Release|x64.ActiveCfg = Release|x64
		{F411F788-20C2-473E-97CE-F701EBD81DF9}.Release|x64.Build.0 = Release|x64
		{F411F788-20C2-473E-97CE-F701EBD81DF9}.Release|x86.ActiveCfg = Release|Win32
		{F411F788-20C2-473E-97CE-F701EBD81DF9}.Release|x86.Build.0 = Release|Win32
		{254001A4-5010-45D0-BDA4-7462A89258CD}.Debug|x64.ActiveCfg = Debug|x64
		{254001A4-5010-45D0-BDA4-7462A89258CD}.Debug|x64.Build.0 = Debug|x64
		{254001A4-5010-45D0-BDA4-7462A89258CD}.Debug|x86.ActiveCfg = Debug|Win32
		{254001A4-5010-45D0-BDA4-7462A89258CD}.Debug|x86.Build.0 = Debug|Win32
		{254001A4-5010-45D0-BDA4-7462A89258CD}.Release|x64.ActiveCfg = Release|x64
		{254001A4-5010-45D0-BDA4-7462A89258CD}.Release|x64.Build.0 = Release|x64
		{254001A4-5010-45D0-BDA4-7462A89258CD}.Release|x86.ActiveCfg = Release|Win32
		{254001A4-5010-45D0-BDA4-7462A89258CD}.Release|x86.Build.0 = Release|Win32
		{E6D397B2-CD33-4E64-B6B9-21E2F88EE805}.Debug|x64.ActiveCfg = Debug|x64
		{E6D397B2-CD33-4E64-B6B9-21E2F88EE805}.Debug|x64.Build.0 = Debug|x64
		{E6D397B2-CD33-4E64-B6B9-21E2F88EE805}.Debug|x86.ActiveCfg = Debug|Win32
		{E6D397B2-CD33-4E64-B6B9-21E2F88EE805}.Debug|x86.Build.0 = Debug|Win32
		{E6D397B2-CD33-4E64-B6B9-21E2F88EE805}.Release|x64.ActiveCfg = Release|x64
		{E6D397B2-CD33-4E64-B6B9-21E2F88EE805}.Release|x64.Build.0 = Release|x64
		{E6D397B2-CD33-4E64-B6B9-21E2F88EE805}.Release|x86.ActiveCfg = Release|Win32
		{E6D397B2-CD33-4E64-B6B9-21E2F88EE805}.Release|x86.Build.0 = Release|Win32
		{29F8B1C3-3E9F-455F-B486-E4A47A4290A1}.Debug|x64.ActiveCfg = Debug|x64
		{29F8B1C3-3E9F-455F-B486-E4A47A4290A1}.Debug|x64.Build.0 = Debug|x64
		{29F8B1C3-3E9F-455F-B486-E4A47A4290A1}.Debug|x86.ActiveCfg = Debug|Win32
		{29F8B1C3-3E9F-455F-B486-E4A47A4290A1}.Debug|x86.Build.0 = Debug|Win32
		{29F8B1C3-3E9F-455F-B486-E4A47A4290A1}.Release|x64.ActiveCfg = Release|x64
		{29F8B1C3-3E9F-455F-B486-E4A47A4290A1}.Release|x64.Build.0 = Release|x64
		{29F8B1C3-3E9F-455F-B486-E4A47A4290A1}.Release|x86.ActiveCfg = Release|Win32
		{29F8B1C3-3E9F-455F-B486-E4A47A4290A1}.Release|x86.Build.0 = Release|Win32
		{0A7133AE-E209-40F9-87BE-C926815E091F}.Debug|x64.ActiveCfg = Debug|x64
		{0A7133AE-E209-40F9-87BE-C926815E091F}.Debug|x64.Build.0 = Debug|x64
		{0A7133AE-E209-40F9-87BE-C926815E091F}.Debug|x86.ActiveCfg = Debug|Win32
		{0A7133AE-E209-40F9-87BE-C926815E091F}.Debug|x86.Build.0 = Debug|Win32
		{0A7133AE-E209-40F9-87BE-C926815E091F}.Release|x64.ActiveCfg = Release|x64
		{0A7133AE-E209-40F9-87BE-C926815E091F}.Release|x64.Build.0 = Release|x64
		{0A7133AE-E209-40F9-87BE-C926815E091F}.Release|x86.ActiveCfg = Release|Win32
		{0A7133AE-E209-40F9-87BE-C926815E091F}.Release|x86.Build.0 = Release|Win32
		{ACE17BA1-340E-450D-83D9-19D0019A07EE}.Debug|x64.ActiveCfg = Debug|x64
		{ACE17BA1-340E-450D-83D9-19D0019A07EE}.Debug|x64.Build.0 = Debug|x64
		{ACE17BA1-340E-450D-83D9-19D0019A07EE}.Debug|x86.ActiveCfg = Debug|Win32
		{ACE17BA1-340E-450D-83D9-19D0019A07EE}.Debug|x86.Build.0 = Debug|Win32
		{ACE17BA1-340E-450D-83D9-19D0019A07EE}.Release|x64.ActiveCfg = Release|x64
		{ACE17BA1-340E-450D-83D9-19D0019A07EE}.Release|x64.Build.0 = Release|x64
		{ACE17BA1-340E-450D-83D9-19D0019A07EE}.Release|x86.ActiveCfg = Release|Win32
		{ACE17BA1-340E-450D-83D9-19D0019A07EE}.Release|x86.Build.0 = Release|Win32
		{1FEC666C-AF22-43C3-BAC8-28BAC5C2372E}.Debug|x64.ActiveCfg = Debug|x64
		{1FEC666C-AF22-43C3-BAC8-28BAC5C2372E}.Debug|x64.Build.0 = Debug|x64
		{1FEC666C-AF22-43C3-BAC8-28BAC5C2372E}.Debug|x86.ActiveCfg = Debug|Win32
		{1FEC666C-AF22-43C3-BAC8-28BAC5C2372E}.Debug|x86.Build.0 = Debug|Win32
		{1FEC666C-AF22-43C3-BAC8-28BAC5C2372E}.Release|x64.ActiveCfg = Release|x64
		{1FEC666C-AF22-43C3-BAC8-28BAC5C2372E}.Release|x64.Build.0 = Release|x64
		{1FEC666C-AF22-43C3-BAC8-28BAC5C2372E}.Release|x86.ActiveCfg = Release|Win32
		{1FEC666C-AF22-43C3-BAC8-28BAC5C2372E}.Release|x86.Build.0 = Release|Win32
		{06BCF17B-B240-4084-8D6C-3FA384D44484}.Debug|x64.ActiveCfg = Debug|x64
		{06BCF17B-B240-4084-8D6C-3FA384D44484}.Debug|x64.Build.0 = Debug|x64
		{06BCF17B-B240-4084-8D6C-3FA384D44484}.Debug|x86.ActiveCfg = Debug|Win32
		{06BCF17B-B240-4084-8D6C-3FA384D44484}.Debug|x86.Build.0 = Debug|Win32
		{06BCF17B-B240-4084-8D6C-3FA384D44484}.Release|x64.ActiveCfg = Release|x64
		{06BCF17B-B240-4084-8D6C-3FA384D44484}.Release|x64.Build.0 = Release|x64
		{06BCF17B-B240-4084-8D6C-3FA384D44484}.Release|x86.ActiveCfg = Release|Win32
		{06BCF17B-B240-4084-8D6C-3FA384D44484}.Release|x86.Build.0 = Release|Win32
		{BD87CE4C-BAE4-4995-80B6-562D8963BD6D}.Debug|x64.ActiveCfg = Debug|x64
		{BD87CE4C-BAE4-4995-80B6-562D8963BD6D}.Debug|x64.Build.0 = Debug|x64
		{BD87CE4C-BAE4-4995-80B6-562D8963BD6D}.Debug|x86.ActiveCfg = Debug|Win32
		{BD87CE4C-BAE4-4995-80B6-562D8963BD6D}.Debug|x86.Build.0 = Debug|Win32
		{BD87CE4C-BAE4-4995-80B6-562D8963BD6D}.Release|x64.ActiveCfg = Release|x64
		{BD87CE4C-BAE4-4995-80B6-562D8963BD6D}.Release|x64.Build.0 = Release|x64
		{BD87CE4C-BAE4-4995-80B6-562D8963BD6D}.Release|x86.ActiveCfg = Release|Win32
		{BD87CE4C-BAE4-4995-80B6-562D8963BD6D}.Release|x86.Build.0 = Release|Win32
		{E61723C3-335B-48E6-99E9-9CE640111A94}.Debug|x64.ActiveCfg = Debug|x64
		{E61723C3-335B-48E6-99E9-9CE640111A94}.Debug|x64.Build.0 = Debug|x64
		{E61723C3-335B-48E6-99E9-9CE640111A94}.Debug|x86.ActiveCfg = Debug|Win32
		{E61723C3-335B-48E6-99E9-9CE640111A94}.Debug|x86.Build.0 = Debug|Win32
		{E61723C3-335B-48E6-99E9-9CE640111A94}.Release|x64.ActiveCfg = Release|x64
		{E61723C3-335B-48E6-99E9-9CE640111A94}.Release|x64.Build.0 = Release|x64
		{E61723C3-335B-48E6-99E9-9CE640111A94}.Release|x86.ActiveCfg = Release|Win32
		{E61723C3-335B-48E6-99E9-9CE640111A94}.Release|x86.Build.0 = Release|Win32
		{38D8DD69-7E77-4AD7-8012-86D7822B6BCF}.Debug|x64.ActiveCfg = Debug|x64
		{38D8DD69-7E77-4AD7-8012-86D7822B6BCF}.Debug|x64.Build.0 = Debug|x64
		{38D8DD69-7E77-4AD7-8012-86D7822B6BCF}.Debug|x86.ActiveCfg = Debug|Win32
		{38D8DD69-7E77-4AD7-8012-86D7822B6BCF}.Debug|x86.Build.0 = Debug|Win32
		{38D8DD69-7E77-4AD7-8012-86D7822B6BCF}.Release|x64.ActiveCfg = Release|x64
		{38D8DD69-7E77-4AD7-8012-86D7822B6BCF}.Release|x64.Build.0 = Release|x64
		{38D8DD69-7E77-4AD7-8012-86D7822B6BCF}.Release|x86.ActiveCfg = Release|Win32
		{38D8DD69-7E77-4AD7-8012-86D7822B6BCF}.Release|x86.Build.0 = Release|Win32
		{545A3F76-44D8-44E1-99E0-7678D26F62EC}.Debug|x64.ActiveCfg = Debug|x64
		{545A3F76-44D8-44E1-99E0-7678D26F62EC}.Debug|x64.Build.0 = Debug|x64
		{545A3F76-44D8-44E1-99E0-7678D26F62EC}.Debug|x86.ActiveCfg = Debug|Win32
		{545A3F76-44D8-44E1-99E0-7678D26F62EC}.Debug|x86.Build.0 = Debug|Win32
		{545A3F76-44D8-44E1-99E0-7678D26F62EC}.Release|x64.ActiveCfg = Release|x64
		{545A3F76-44D8-44E1-99E0-7678D26F62EC}.Release|x64.Build.0 = Release|x64
		{545A3F76-44D8-44E1-99E0-7678D26F62EC}.Release|x86.ActiveCfg = Release|Win32
		{545A3F76-44D8-44E1-99E0-7678D26F62EC}.Release|x86.Build.0 = Release|Win32
	EndGlobalSection
	GlobalSection(SolutionProperties) = preSolution
		HideSolutionNode = FALSE
	EndGlobalSection
EndGlobal
